
Microsoft Visual Studio Solution File, Format Version 12.00
# Visual Studio Version 17
VisualStudioVersion = 17.7.34024.191
MinimumVisualStudioVersion = 10.0.40219.1
Project("{FAE04EC0-301F-11D3-BF4B-00C04F79EFBC}") = "HW_GeoObj_3", "HW_GeoObj_3.csproj", "{9E84816A-C268-419C-9DE1-3151C3010F5D}"
EndProject
Global
	GlobalSection(SolutionConfigurationPlatforms) = preSolution
		Debug|Any CPU = Debug|Any CPU
		Release|Any CPU = Release|Any CPU
	EndGlobalSection
	GlobalSection(ProjectConfigurationPlatforms) = postSolution
		{9E84816A-C268-419C-9DE1-3151C3010F5D}.Debug|Any CPU.ActiveCfg = Debug|Any CPU
		{9E84816A-C268-419C-9DE1-3151C3010F5D}.Debug|Any CPU.Build.0 = Debug|Any CPU
		{9E84816A-C268-419C-9DE1-3151C3010F5D}.Release|Any CPU.ActiveCfg = Release|Any CPU
		{9E84816A-C268-419C-9DE1-3151C3010F5D}.Release|Any CPU.Build.0 = Release|Any CPU
	EndGlobalSection
	GlobalSection(SolutionProperties) = preSolution
		HideSolutionNode = FALSE
	EndGlobalSection
	GlobalSection(ExtensibilityGlobals) = postSolution
		SolutionGuid = {CB8F509F-8621-46A8-B4A9-4DA12571E961}
	EndGlobalSection
EndGlobal
